
Microsoft Visual Studio Solution File, Format Version 10.00
# Visual Studio 2008
Project("{FAE04EC0-301F-11D3-BF4B-00C04F79EFBC}") = "printreport", "..\printreport2\printreport.csproj", "{B1D61008-856A-4B0A-96A9-F5F53E059ADA}"
	ProjectSection(ProjectDependencies) = postProject
		{02894502-43C8-47A9-9317-98A22C98AFE0} = {02894502-43C8-47A9-9317-98A22C98AFE0}
		{BC83096A-1A88-423D-A5CD-EC341290BDDD} = {BC83096A-1A88-423D-A5CD-EC341290BDDD}
		{32161190-2AD5-44EE-8F94-ACB86A3F2F57} = {32161190-2AD5-44EE-8F94-ACB86A3F2F57}
		{D30C3674-7E08-431F-AEDC-B0FAF2D82F97} = {D30C3674-7E08-431F-AEDC-B0FAF2D82F97}
	EndProjectSection
EndProject
Project("{FAE04EC0-301F-11D3-BF4B-00C04F79EFBC}") = "Reportman.Drawing", "..\Reportman.Drawing2008\Reportman.Drawing.csproj", "{BC83096A-1A88-423D-A5CD-EC341290BDDD}"
EndProject
Project("{FAE04EC0-301F-11D3-BF4B-00C04F79EFBC}") = "ICSharpCode.SharpZLib", "..\..\SharpZipLib\src\ICSharpCode.SharpZLib.csproj", "{0E7413FF-EB9E-4714-ACF2-BE3A6A7B2FFD}"
EndProject
Project("{FAE04EC0-301F-11D3-BF4B-00C04F79EFBC}") = "Reportman.Drawing.Forms", "..\Reportman.Drawing.Forms2008\Reportman.Drawing.Forms.csproj", "{32161190-2AD5-44EE-8F94-ACB86A3F2F57}"
EndProject
Project("{FAE04EC0-301F-11D3-BF4B-00C04F79EFBC}") = "Reportman.Reporting.Forms", "..\Reportman.Reporting.Forms2008\Reportman.Reporting.Forms.csproj", "{02894502-43C8-47A9-9317-98A22C98AFE0}"
EndProject
Project("{FAE04EC0-301F-11D3-BF4B-00C04F79EFBC}") = "Reportman.Reporting", "..\Reportman.Reporting2008\Reportman.Reporting.csproj", "{D30C3674-7E08-431F-AEDC-B0FAF2D82F97}"
EndProject
Project("{FAE04EC0-301F-11D3-BF4B-00C04F79EFBC}") = "designer", "..\designer2008\designer.csproj", "{6DBDE906-F847-4C1A-9C3B-F7AB803247DC}"
EndProject
Project("{FAE04EC0-301F-11D3-BF4B-00C04F79EFBC}") = "Reportman.Designer", "..\Reportman.Designer2008\Reportman.Designer.csproj", "{E0CC2126-5250-41FD-AF84-9F9E7DF2B052}"
EndProject
Project("{FAE04EC0-301F-11D3-BF4B-00C04F79EFBC}") = "printreportpdf", "..\printreportpdf\printreportpdf.csproj", "{06BC566A-9BD3-44FF-8656-AEC466147DE1}"
EndProject
Project("{FAE04EC0-301F-11D3-BF4B-00C04F79EFBC}") = "FirebirdSql.Data.FirebirdClient", "..\..\FirebirdClient\FirebirdSql.Data.FirebirdClient.csproj", "{326A24F9-6259-45DB-835C-18DB80728460}"
EndProject
Global
	GlobalSection(SolutionConfigurationPlatforms) = preSolution
		Debug 1.1|Any CPU = Debug 1.1|Any CPU
		Debug 1.1|x64 = Debug 1.1|x64
		Debug 1.1|x86 = Debug 1.1|x86
		Debug|Any CPU = Debug|Any CPU
		Debug|x64 = Debug|x64
		Debug|x86 = Debug|x86
		Firebird|Any CPU = Firebird|Any CPU
		Firebird|x64 = Firebird|x64
		Firebird|x86 = Firebird|x86
		MonoDebug|Any CPU = MonoDebug|Any CPU
		MonoDebug|x64 = MonoDebug|x64
		MonoDebug|x86 = MonoDebug|x86
		Release 1.1|Any CPU = Release 1.1|Any CPU
		Release 1.1|x64 = Release 1.1|x64
		Release 1.1|x86 = Release 1.1|x86
		Release_20|Any CPU = Release_20|Any CPU
		Release_20|x64 = Release_20|x64
		Release_20|x86 = Release_20|x86
		Release_35|Any CPU = Release_35|Any CPU
		Release_35|x64 = Release_35|x64
		Release_35|x86 = Release_35|x86
		Release_Mono_w_Linux|Any CPU = Release_Mono_w_Linux|Any CPU
		Release_Mono_w_Linux|x64 = Release_Mono_w_Linux|x64
		Release_Mono_w_Linux|x86 = Release_Mono_w_Linux|x86
		Release|Any CPU = Release|Any CPU
		Release|x64 = Release|x64
		Release|x86 = Release|x86
	EndGlobalSection
	GlobalSection(ProjectConfigurationPlatforms) = postSolution
		{02894502-43C8-47A9-9317-98A22C98AFE0}.Debug 1.1|Any CPU.ActiveCfg = Debug|x86
		{02894502-43C8-47A9-9317-98A22C98AFE0}.Debug 1.1|x64.ActiveCfg = Debug|x64
		{02894502-43C8-47A9-9317-98A22C98AFE0}.Debug 1.1|x64.Build.0 = Debug|x64
		{02894502-43C8-47A9-9317-98A22C98AFE0}.Debug 1.1|x86.ActiveCfg = Debug|x86
		{02894502-43C8-47A9-9317-98A22C98AFE0}.Debug 1.1|x86.Build.0 = Debug|x86
		{02894502-43C8-47A9-9317-98A22C98AFE0}.Debug|Any CPU.ActiveCfg = Debug|Any CPU
		{02894502-43C8-47A9-9317-98A22C98AFE0}.Debug|Any CPU.Build.0 = Debug|Any CPU
		{02894502-43C8-47A9-9317-98A22C98AFE0}.Debug|x64.ActiveCfg = Debug|x64
		{02894502-43C8-47A9-9317-98A22C98AFE0}.Debug|x64.Build.0 = Debug|x64
		{02894502-43C8-47A9-9317-98A22C98AFE0}.Debug|x86.ActiveCfg = Debug|x86
		{02894502-43C8-47A9-9317-98A22C98AFE0}.Debug|x86.Build.0 = Debug|x86
		{02894502-43C8-47A9-9317-98A22C98AFE0}.Firebird|Any CPU.ActiveCfg = MonoDebug|x64
		{02894502-43C8-47A9-9317-98A22C98AFE0}.Firebird|x64.ActiveCfg = MonoDebug|x64
		{02894502-43C8-47A9-9317-98A22C98AFE0}.Firebird|x64.Build.0 = MonoDebug|x64
		{02894502-43C8-47A9-9317-98A22C98AFE0}.Firebird|x86.ActiveCfg = MonoDebug|x64
		{02894502-43C8-47A9-9317-98A22C98AFE0}.MonoDebug|Any CPU.ActiveCfg = MonoDebug|Any CPU
		{02894502-43C8-47A9-9317-98A22C98AFE0}.MonoDebug|Any CPU.Build.0 = MonoDebug|Any CPU
		{02894502-43C8-47A9-9317-98A22C98AFE0}.MonoDebug|x64.ActiveCfg = MonoDebug|x64
		{02894502-43C8-47A9-9317-98A22C98AFE0}.MonoDebug|x64.Build.0 = MonoDebug|x64
		{02894502-43C8-47A9-9317-98A22C98AFE0}.MonoDebug|x86.ActiveCfg = MonoDebug|x86
		{02894502-43C8-47A9-9317-98A22C98AFE0}.MonoDebug|x86.Build.0 = MonoDebug|x86
		{02894502-43C8-47A9-9317-98A22C98AFE0}.Release 1.1|Any CPU.ActiveCfg = Release|x86
		{02894502-43C8-47A9-9317-98A22C98AFE0}.Release 1.1|x64.ActiveCfg = Release|x64
		{02894502-43C8-47A9-9317-98A22C98AFE0}.Release 1.1|x64.Build.0 = Release|x64
		{02894502-43C8-47A9-9317-98A22C98AFE0}.Release 1.1|x86.ActiveCfg = Release|x86
		{02894502-43C8-47A9-9317-98A22C98AFE0}.Release 1.1|x86.Build.0 = Release|x86
		{02894502-43C8-47A9-9317-98A22C98AFE0}.Release_20|Any CPU.ActiveCfg = Release|x86
		{02894502-43C8-47A9-9317-98A22C98AFE0}.Release_20|x64.ActiveCfg = Release|x64
		{02894502-43C8-47A9-9317-98A22C98AFE0}.Release_20|x64.Build.0 = Release|x64
		{02894502-43C8-47A9-9317-98A22C98AFE0}.Release_20|x86.ActiveCfg = Release|x86
		{02894502-43C8-47A9-9317-98A22C98AFE0}.Release_20|x86.Build.0 = Release|x86
		{02894502-43C8-47A9-9317-98A22C98AFE0}.Release_35|Any CPU.ActiveCfg = Release|x86
		{02894502-43C8-47A9-9317-98A22C98AFE0}.Release_35|x64.ActiveCfg = Release|x64
		{02894502-43C8-47A9-9317-98A22C98AFE0}.Release_35|x64.Build.0 = Release|x64
		{02894502-43C8-47A9-9317-98A22C98AFE0}.Release_35|x86.ActiveCfg = Release|x86
		{02894502-43C8-47A9-9317-98A22C98AFE0}.Release_35|x86.Build.0 = Release|x86
		{02894502-43C8-47A9-9317-98A22C98AFE0}.Release_Mono_w_Linux|Any CPU.ActiveCfg = Release|x86
		{02894502-43C8-47A9-9317-98A22C98AFE0}.Release_Mono_w_Linux|x64.ActiveCfg = Release|x64
		{02894502-43C8-47A9-9317-98A22C98AFE0}.Release_Mono_w_Linux|x64.Build.0 = Release|x64
		{02894502-43C8-47A9-9317-98A22C98AFE0}.Release_Mono_w_Linux|x86.ActiveCfg = Release|x86
		{02894502-43C8-47A9-9317-98A22C98AFE0}.Release_Mono_w_Linux|x86.Build.0 = Release|x86
		{02894502-43C8-47A9-9317-98A22C98AFE0}.Release|Any CPU.ActiveCfg = Release|Any CPU
		{02894502-43C8-47A9-9317-98A22C98AFE0}.Release|Any CPU.Build.0 = Release|Any CPU
		{02894502-43C8-47A9-9317-98A22C98AFE0}.Release|x64.ActiveCfg = Release|x64
		{02894502-43C8-47A9-9317-98A22C98AFE0}.Release|x64.Build.0 = Release|x64
		{02894502-43C8-47A9-9317-98A22C98AFE0}.Release|x86.ActiveCfg = Release|x86
		{02894502-43C8-47A9-9317-98A22C98AFE0}.Release|x86.Build.0 = Release|x86
		{06BC566A-9BD3-44FF-8656-AEC466147DE1}.Debug 1.1|Any CPU.ActiveCfg = Debug|Any CPU
		{06BC566A-9BD3-44FF-8656-AEC466147DE1}.Debug 1.1|Any CPU.Build.0 = Debug|Any CPU
		{06BC566A-9BD3-44FF-8656-AEC466147DE1}.Debug 1.1|x64.ActiveCfg = Debug|Any CPU
		{06BC566A-9BD3-44FF-8656-AEC466147DE1}.Debug 1.1|x86.ActiveCfg = Debug|Any CPU
		{06BC566A-9BD3-44FF-8656-AEC466147DE1}.Debug|Any CPU.ActiveCfg = Debug|Any CPU
		{06BC566A-9BD3-44FF-8656-AEC466147DE1}.Debug|Any CPU.Build.0 = Debug|Any CPU
		{06BC566A-9BD3-44FF-8656-AEC466147DE1}.Debug|x64.ActiveCfg = Debug|Any CPU
		{06BC566A-9BD3-44FF-8656-AEC466147DE1}.Debug|x86.ActiveCfg = Debug|Any CPU
		{06BC566A-9BD3-44FF-8656-AEC466147DE1}.Firebird|Any CPU.ActiveCfg = Firebird|Any CPU
		{06BC566A-9BD3-44FF-8656-AEC466147DE1}.Firebird|Any CPU.Build.0 = Firebird|Any CPU
		{06BC566A-9BD3-44FF-8656-AEC466147DE1}.Firebird|x64.ActiveCfg = Firebird|Any CPU
		{06BC566A-9BD3-44FF-8656-AEC466147DE1}.Firebird|x86.ActiveCfg = Firebird|Any CPU
		{06BC566A-9BD3-44FF-8656-AEC466147DE1}.MonoDebug|Any CPU.ActiveCfg = MonoDebug|Any CPU
		{06BC566A-9BD3-44FF-8656-AEC466147DE1}.MonoDebug|Any CPU.Build.0 = MonoDebug|Any CPU
		{06BC566A-9BD3-44FF-8656-AEC466147DE1}.MonoDebug|x64.ActiveCfg = Debug|Any CPU
		{06BC566A-9BD3-44FF-8656-AEC466147DE1}.MonoDebug|x86.ActiveCfg = Debug|Any CPU
		{06BC566A-9BD3-44FF-8656-AEC466147DE1}.Release 1.1|Any CPU.ActiveCfg = Release|Any CPU
		{06BC566A-9BD3-44FF-8656-AEC466147DE1}.Release 1.1|Any CPU.Build.0 = Release|Any CPU
		{06BC566A-9BD3-44FF-8656-AEC466147DE1}.Release 1.1|x64.ActiveCfg = Release|Any CPU
		{06BC566A-9BD3-44FF-8656-AEC466147DE1}.Release 1.1|x86.ActiveCfg = Release|Any CPU
		{06BC566A-9BD3-44FF-8656-AEC466147DE1}.Release_20|Any CPU.ActiveCfg = Release|Any CPU
		{06BC566A-9BD3-44FF-8656-AEC466147DE1}.Release_20|Any CPU.Build.0 = Release|Any CPU
		{06BC566A-9BD3-44FF-8656-AEC466147DE1}.Release_20|x64.ActiveCfg = Release|Any CPU
		{06BC566A-9BD3-44FF-8656-AEC466147DE1}.Release_20|x86.ActiveCfg = Release|Any CPU
		{06BC566A-9BD3-44FF-8656-AEC466147DE1}.Release_35|Any CPU.ActiveCfg = Release|Any CPU
		{06BC566A-9BD3-44FF-8656-AEC466147DE1}.Release_35|Any CPU.Build.0 = Release|Any CPU
		{06BC566A-9BD3-44FF-8656-AEC466147DE1}.Release_35|x64.ActiveCfg = Release|Any CPU
		{06BC566A-9BD3-44FF-8656-AEC466147DE1}.Release_35|x86.ActiveCfg = Release|Any CPU
		{06BC566A-9BD3-44FF-8656-AEC466147DE1}.Release_Mono_w_Linux|Any CPU.ActiveCfg = Release|Any CPU
		{06BC566A-9BD3-44FF-8656-AEC466147DE1}.Release_Mono_w_Linux|Any CPU.Build.0 = Release|Any CPU
		{06BC566A-9BD3-44FF-8656-AEC466147DE1}.Release_Mono_w_Linux|x64.ActiveCfg = Release|Any CPU
		{06BC566A-9BD3-44FF-8656-AEC466147DE1}.Release_Mono_w_Linux|x86.ActiveCfg = Release|Any CPU
		{06BC566A-9BD3-44FF-8656-AEC466147DE1}.Release|Any CPU.ActiveCfg = Release|Any CPU
		{06BC566A-9BD3-44FF-8656-AEC466147DE1}.Release|Any CPU.Build.0 = Release|Any CPU
		{06BC566A-9BD3-44FF-8656-AEC466147DE1}.Release|x64.ActiveCfg = Release|Any CPU
		{06BC566A-9BD3-44FF-8656-AEC466147DE1}.Release|x86.ActiveCfg = Release|Any CPU
		{0E7413FF-EB9E-4714-ACF2-BE3A6A7B2FFD}.Debug 1.1|Any CPU.ActiveCfg = Debug|x86
		{0E7413FF-EB9E-4714-ACF2-BE3A6A7B2FFD}.Debug 1.1|x64.ActiveCfg = Debug|x64
		{0E7413FF-EB9E-4714-ACF2-BE3A6A7B2FFD}.Debug 1.1|x64.Build.0 = Debug|x64
		{0E7413FF-EB9E-4714-ACF2-BE3A6A7B2FFD}.Debug 1.1|x86.ActiveCfg = Debug|x86
		{0E7413FF-EB9E-4714-ACF2-BE3A6A7B2FFD}.Debug 1.1|x86.Build.0 = Debug|x86
		{0E7413FF-EB9E-4714-ACF2-BE3A6A7B2FFD}.Debug|Any CPU.ActiveCfg = Debug|Any CPU
		{0E7413FF-EB9E-4714-ACF2-BE3A6A7B2FFD}.Debug|Any CPU.Build.0 = Debug|Any CPU
		{0E7413FF-EB9E-4714-ACF2-BE3A6A7B2FFD}.Debug|x64.ActiveCfg = Debug|x64
		{0E7413FF-EB9E-4714-ACF2-BE3A6A7B2FFD}.Debug|x64.Build.0 = Debug|x64
		{0E7413FF-EB9E-4714-ACF2-BE3A6A7B2FFD}.Debug|x86.ActiveCfg = Debug|x86
		{0E7413FF-EB9E-4714-ACF2-BE3A6A7B2FFD}.Debug|x86.Build.0 = Debug|x86
		{0E7413FF-EB9E-4714-ACF2-BE3A6A7B2FFD}.Firebird|Any CPU.ActiveCfg = MonoDebug|x64
		{0E7413FF-EB9E-4714-ACF2-BE3A6A7B2FFD}.Firebird|x64.ActiveCfg = MonoDebug|x64
		{0E7413FF-EB9E-4714-ACF2-BE3A6A7B2FFD}.Firebird|x64.Build.0 = MonoDebug|x64
		{0E7413FF-EB9E-4714-ACF2-BE3A6A7B2FFD}.Firebird|x86.ActiveCfg = MonoDebug|x64
		{0E7413FF-EB9E-4714-ACF2-BE3A6A7B2FFD}.MonoDebug|Any CPU.ActiveCfg = MonoDebug|Any CPU
		{0E7413FF-EB9E-4714-ACF2-BE3A6A7B2FFD}.MonoDebug|Any CPU.Build.0 = MonoDebug|Any CPU
		{0E7413FF-EB9E-4714-ACF2-BE3A6A7B2FFD}.MonoDebug|x64.ActiveCfg = MonoDebug|x64
		{0E7413FF-EB9E-4714-ACF2-BE3A6A7B2FFD}.MonoDebug|x64.Build.0 = MonoDebug|x64
		{0E7413FF-EB9E-4714-ACF2-BE3A6A7B2FFD}.MonoDebug|x86.ActiveCfg = MonoDebug|x86
		{0E7413FF-EB9E-4714-ACF2-BE3A6A7B2FFD}.MonoDebug|x86.Build.0 = MonoDebug|x86
		{0E7413FF-EB9E-4714-ACF2-BE3A6A7B2FFD}.Release 1.1|Any CPU.ActiveCfg = Release|x86
		{0E7413FF-EB9E-4714-ACF2-BE3A6A7B2FFD}.Release 1.1|x64.ActiveCfg = Release|x64
		{0E7413FF-EB9E-4714-ACF2-BE3A6A7B2FFD}.Release 1.1|x64.Build.0 = Release|x64
		{0E7413FF-EB9E-4714-ACF2-BE3A6A7B2FFD}.Release 1.1|x86.ActiveCfg = Release|x86
		{0E7413FF-EB9E-4714-ACF2-BE3A6A7B2FFD}.Release 1.1|x86.Build.0 = Release|x86
		{0E7413FF-EB9E-4714-ACF2-BE3A6A7B2FFD}.Release_20|Any CPU.ActiveCfg = Release|x86
		{0E7413FF-EB9E-4714-ACF2-BE3A6A7B2FFD}.Release_20|x64.ActiveCfg = Release|x64
		{0E7413FF-EB9E-4714-ACF2-BE3A6A7B2FFD}.Release_20|x64.Build.0 = Release|x64
		{0E7413FF-EB9E-4714-ACF2-BE3A6A7B2FFD}.Release_20|x86.ActiveCfg = Release|x86
		{0E7413FF-EB9E-4714-ACF2-BE3A6A7B2FFD}.Release_20|x86.Build.0 = Release|x86
		{0E7413FF-EB9E-4714-ACF2-BE3A6A7B2FFD}.Release_35|Any CPU.ActiveCfg = Release|x86
		{0E7413FF-EB9E-4714-ACF2-BE3A6A7B2FFD}.Release_35|x64.ActiveCfg = Release|x64
		{0E7413FF-EB9E-4714-ACF2-BE3A6A7B2FFD}.Release_35|x64.Build.0 = Release|x64
		{0E7413FF-EB9E-4714-ACF2-BE3A6A7B2FFD}.Release_35|x86.ActiveCfg = Release|x86
		{0E7413FF-EB9E-4714-ACF2-BE3A6A7B2FFD}.Release_35|x86.Build.0 = Release|x86
		{0E7413FF-EB9E-4714-ACF2-BE3A6A7B2FFD}.Release_Mono_w_Linux|Any CPU.ActiveCfg = Release|x86
		{0E7413FF-EB9E-4714-ACF2-BE3A6A7B2FFD}.Release_Mono_w_Linux|x64.ActiveCfg = Release|x64
		{0E7413FF-EB9E-4714-ACF2-BE3A6A7B2FFD}.Release_Mono_w_Linux|x64.Build.0 = Release|x64
		{0E7413FF-EB9E-4714-ACF2-BE3A6A7B2FFD}.Release_Mono_w_Linux|x86.ActiveCfg = Release|x86
		{0E7413FF-EB9E-4714-ACF2-BE3A6A7B2FFD}.Release_Mono_w_Linux|x86.Build.0 = Release|x86
		{0E7413FF-EB9E-4714-ACF2-BE3A6A7B2FFD}.Release|Any CPU.ActiveCfg = Release|Any CPU
		{0E7413FF-EB9E-4714-ACF2-BE3A6A7B2FFD}.Release|Any CPU.Build.0 = Release|Any CPU
		{0E7413FF-EB9E-4714-ACF2-BE3A6A7B2FFD}.Release|x64.ActiveCfg = Release|x64
		{0E7413FF-EB9E-4714-ACF2-BE3A6A7B2FFD}.Release|x64.Build.0 = Release|x64
		{0E7413FF-EB9E-4714-ACF2-BE3A6A7B2FFD}.Release|x86.ActiveCfg = Release|x86
		{0E7413FF-EB9E-4714-ACF2-BE3A6A7B2FFD}.Release|x86.Build.0 = Release|x86
		{32161190-2AD5-44EE-8F94-ACB86A3F2F57}.Debug 1.1|Any CPU.ActiveCfg = Debug|x86
		{32161190-2AD5-44EE-8F94-ACB86A3F2F57}.Debug 1.1|x64.ActiveCfg = Debug|x64
		{32161190-2AD5-44EE-8F94-ACB86A3F2F57}.Debug 1.1|x64.Build.0 = Debug|x64
		{32161190-2AD5-44EE-8F94-ACB86A3F2F57}.Debug 1.1|x86.ActiveCfg = Debug|x86
		{32161190-2AD5-44EE-8F94-ACB86A3F2F57}.Debug 1.1|x86.Build.0 = Debug|x86
		{32161190-2AD5-44EE-8F94-ACB86A3F2F57}.Debug|Any CPU.ActiveCfg = Debug|Any CPU
		{32161190-2AD5-44EE-8F94-ACB86A3F2F57}.Debug|Any CPU.Build.0 = Debug|Any CPU
		{32161190-2AD5-44EE-8F94-ACB86A3F2F57}.Debug|x64.ActiveCfg = Debug|x64
		{32161190-2AD5-44EE-8F94-ACB86A3F2F57}.Debug|x64.Build.0 = Debug|x64
		{32161190-2AD5-44EE-8F94-ACB86A3F2F57}.Debug|x86.ActiveCfg = Debug|x86
		{32161190-2AD5-44EE-8F94-ACB86A3F2F57}.Debug|x86.Build.0 = Debug|x86
		{32161190-2AD5-44EE-8F94-ACB86A3F2F57}.Firebird|Any CPU.ActiveCfg = MonoDebug|x64
		{32161190-2AD5-44EE-8F94-ACB86A3F2F57}.Firebird|x64.ActiveCfg = MonoDebug|x64
		{32161190-2AD5-44EE-8F94-ACB86A3F2F57}.Firebird|x64.Build.0 = MonoDebug|x64
		{32161190-2AD5-44EE-8F94-ACB86A3F2F57}.Firebird|x86.ActiveCfg = MonoDebug|x64
		{32161190-2AD5-44EE-8F94-ACB86A3F2F57}.MonoDebug|Any CPU.ActiveCfg = MonoDebug|Any CPU
		{32161190-2AD5-44EE-8F94-ACB86A3F2F57}.MonoDebug|Any CPU.Build.0 = MonoDebug|Any CPU
		{32161190-2AD5-44EE-8F94-ACB86A3F2F57}.MonoDebug|x64.ActiveCfg = MonoDebug|x64
		{32161190-2AD5-44EE-8F94-ACB86A3F2F57}.MonoDebug|x64.Build.0 = MonoDebug|x64
		{32161190-2AD5-44EE-8F94-ACB86A3F2F57}.MonoDebug|x86.ActiveCfg = MonoDebug|x86
		{32161190-2AD5-44EE-8F94-ACB86A3F2F57}.MonoDebug|x86.Build.0 = MonoDebug|x86
		{32161190-2AD5-44EE-8F94-ACB86A3F2F57}.Release 1.1|Any CPU.ActiveCfg = Release|x86
		{32161190-2AD5-44EE-8F94-ACB86A3F2F57}.Release 1.1|x64.ActiveCfg = Release|x64
		{32161190-2AD5-44EE-8F94-ACB86A3F2F57}.Release 1.1|x64.Build.0 = Release|x64
		{32161190-2AD5-44EE-8F94-ACB86A3F2F57}.Release 1.1|x86.ActiveCfg = Release|x86
		{32161190-2AD5-44EE-8F94-ACB86A3F2F57}.Release 1.1|x86.Build.0 = Release|x86
		{32161190-2AD5-44EE-8F94-ACB86A3F2F57}.Release_20|Any CPU.ActiveCfg = Release|x86
		{32161190-2AD5-44EE-8F94-ACB86A3F2F57}.Release_20|x64.ActiveCfg = Release|x64
		{32161190-2AD5-44EE-8F94-ACB86A3F2F57}.Release_20|x64.Build.0 = Release|x64
		{32161190-2AD5-44EE-8F94-ACB86A3F2F57}.Release_20|x86.ActiveCfg = Release|x86
		{32161190-2AD5-44EE-8F94-ACB86A3F2F57}.Release_20|x86.Build.0 = Release|x86
		{32161190-2AD5-44EE-8F94-ACB86A3F2F57}.Release_35|Any CPU.ActiveCfg = Release|x86
		{32161190-2AD5-44EE-8F94-ACB86A3F2F57}.Release_35|x64.ActiveCfg = Release|x64
		{32161190-2AD5-44EE-8F94-ACB86A3F2F57}.Release_35|x64.Build.0 = Release|x64
		{32161190-2AD5-44EE-8F94-ACB86A3F2F57}.Release_35|x86.ActiveCfg = Release|x86
		{32161190-2AD5-44EE-8F94-ACB86A3F2F57}.Release_35|x86.Build.0 = Release|x86
		{32161190-2AD5-44EE-8F94-ACB86A3F2F57}.Release_Mono_w_Linux|Any CPU.ActiveCfg = Release|x86
		{32161190-2AD5-44EE-8F94-ACB86A3F2F57}.Release_Mono_w_Linux|x64.ActiveCfg = Release|x64
		{32161190-2AD5-44EE-8F94-ACB86A3F2F57}.Release_Mono_w_Linux|x64.Build.0 = Release|x64
		{32161190-2AD5-44EE-8F94-ACB86A3F2F57}.Release_Mono_w_Linux|x86.ActiveCfg = Release|x86
		{32161190-2AD5-44EE-8F94-ACB86A3F2F57}.Release_Mono_w_Linux|x86.Build.0 = Release|x86
		{32161190-2AD5-44EE-8F94-ACB86A3F2F57}.Release|Any CPU.ActiveCfg = Release|Any CPU
		{32161190-2AD5-44EE-8F94-ACB86A3F2F57}.Release|Any CPU.Build.0 = Release|Any CPU
		{32161190-2AD5-44EE-8F94-ACB86A3F2F57}.Release|x64.ActiveCfg = Release|x64
		{32161190-2AD5-44EE-8F94-ACB86A3F2F57}.Release|x64.Build.0 = Release|x64
		{32161190-2AD5-44EE-8F94-ACB86A3F2F57}.Release|x86.ActiveCfg = Release|x86
		{32161190-2AD5-44EE-8F94-ACB86A3F2F57}.Release|x86.Build.0 = Release|x86
		{326A24F9-6259-45DB-835C-18DB80728460}.Debug 1.1|Any CPU.ActiveCfg = Debug|Any CPU
		{326A24F9-6259-45DB-835C-18DB80728460}.Debug 1.1|Any CPU.Build.0 = Debug|Any CPU
		{326A24F9-6259-45DB-835C-18DB80728460}.Debug 1.1|x64.ActiveCfg = Debug|x64
		{326A24F9-6259-45DB-835C-18DB80728460}.Debug 1.1|x64.Build.0 = Debug|x64
		{326A24F9-6259-45DB-835C-18DB80728460}.Debug 1.1|x86.ActiveCfg = Debug|x86
		{326A24F9-6259-45DB-835C-18DB80728460}.Debug 1.1|x86.Build.0 = Debug|x86
		{326A24F9-6259-45DB-835C-18DB80728460}.Debug|Any CPU.ActiveCfg = Release_35|Any CPU
		{326A24F9-6259-45DB-835C-18DB80728460}.Debug|Any CPU.Build.0 = Release_35|Any CPU
		{326A24F9-6259-45DB-835C-18DB80728460}.Debug|x64.ActiveCfg = Debug|x64
		{326A24F9-6259-45DB-835C-18DB80728460}.Debug|x64.Build.0 = Debug|x64
		{326A24F9-6259-45DB-835C-18DB80728460}.Debug|x86.ActiveCfg = Debug|x86
		{326A24F9-6259-45DB-835C-18DB80728460}.Debug|x86.Build.0 = Debug|x86
		{326A24F9-6259-45DB-835C-18DB80728460}.Firebird|Any CPU.ActiveCfg = Debug|Any CPU
		{326A24F9-6259-45DB-835C-18DB80728460}.Firebird|Any CPU.Build.0 = Debug|Any CPU
		{326A24F9-6259-45DB-835C-18DB80728460}.Firebird|x64.ActiveCfg = Debug|x64
		{326A24F9-6259-45DB-835C-18DB80728460}.Firebird|x64.Build.0 = Debug|x64
		{326A24F9-6259-45DB-835C-18DB80728460}.Firebird|x86.ActiveCfg = Debug|x86
		{326A24F9-6259-45DB-835C-18DB80728460}.Firebird|x86.Build.0 = Debug|x86
		{326A24F9-6259-45DB-835C-18DB80728460}.MonoDebug|Any CPU.ActiveCfg = Release_Mono_w_Linux|Any CPU
		{326A24F9-6259-45DB-835C-18DB80728460}.MonoDebug|Any CPU.Build.0 = Release_Mono_w_Linux|Any CPU
		{326A24F9-6259-45DB-835C-18DB80728460}.MonoDebug|x64.ActiveCfg = Debug|x64
		{326A24F9-6259-45DB-835C-18DB80728460}.MonoDebug|x64.Build.0 = Debug|x64
		{326A24F9-6259-45DB-835C-18DB80728460}.MonoDebug|x86.ActiveCfg = Debug|x86
		{326A24F9-6259-45DB-835C-18DB80728460}.MonoDebug|x86.Build.0 = Debug|x86
		{326A24F9-6259-45DB-835C-18DB80728460}.Release 1.1|Any CPU.ActiveCfg = Debug|Any CPU
		{326A24F9-6259-45DB-835C-18DB80728460}.Release 1.1|Any CPU.Build.0 = Debug|Any CPU
		{326A24F9-6259-45DB-835C-18DB80728460}.Release 1.1|x64.ActiveCfg = Debug|x64
		{326A24F9-6259-45DB-835C-18DB80728460}.Release 1.1|x64.Build.0 = Debug|x64
		{326A24F9-6259-45DB-835C-18DB80728460}.Release 1.1|x86.ActiveCfg = Debug|x86
		{326A24F9-6259-45DB-835C-18DB80728460}.Release 1.1|x86.Build.0 = Debug|x86
		{326A24F9-6259-45DB-835C-18DB80728460}.Release_20|Any CPU.ActiveCfg = Release_20|Any CPU
		{326A24F9-6259-45DB-835C-18DB80728460}.Release_20|Any CPU.Build.0 = Release_20|Any CPU
		{326A24F9-6259-45DB-835C-18DB80728460}.Release_20|x64.ActiveCfg = Release_20|x64
		{326A24F9-6259-45DB-835C-18DB80728460}.Release_20|x64.Build.0 = Release_20|x64
		{326A24F9-6259-45DB-835C-18DB80728460}.Release_20|x86.ActiveCfg = Release_20|x86
		{326A24F9-6259-45DB-835C-18DB80728460}.Release_20|x86.Build.0 = Release_20|x86
		{326A24F9-6259-45DB-835C-18DB80728460}.Release_35|Any CPU.ActiveCfg = Release_35|Any CPU
		{326A24F9-6259-45DB-835C-18DB80728460}.Release_35|Any CPU.Build.0 = Release_35|Any CPU
		{326A24F9-6259-45DB-835C-18DB80728460}.Release_35|x64.ActiveCfg = Release_35|x64
		{326A24F9-6259-45DB-835C-18DB80728460}.Release_35|x64.Build.0 = Release_35|x64
		{326A24F9-6259-45DB-835C-18DB80728460}.Release_35|x86.ActiveCfg = Release_35|x86
		{326A24F9-6259-45DB-835C-18DB80728460}.Release_35|x86.Build.0 = Release_35|x86
		{326A24F9-6259-45DB-835C-18DB80728460}.Release_Mono_w_Linux|Any CPU.ActiveCfg = Release_Mono_w_Linux|Any CPU
		{326A24F9-6259-45DB-835C-18DB80728460}.Release_Mono_w_Linux|Any CPU.Build.0 = Release_Mono_w_Linux|Any CPU
		{326A24F9-6259-45DB-835C-18DB80728460}.Release_Mono_w_Linux|x64.ActiveCfg = Release_Mono_w_Linux|x64
		{326A24F9-6259-45DB-835C-18DB80728460}.Release_Mono_w_Linux|x64.Build.0 = Release_Mono_w_Linux|x64
		{326A24F9-6259-45DB-835C-18DB80728460}.Release_Mono_w_Linux|x86.ActiveCfg = Release_Mono_w_Linux|x86
		{326A24F9-6259-45DB-835C-18DB80728460}.Release_Mono_w_Linux|x86.Build.0 = Release_Mono_w_Linux|x86
		{326A24F9-6259-45DB-835C-18DB80728460}.Release|Any CPU.ActiveCfg = Release|Any CPU
		{326A24F9-6259-45DB-835C-18DB80728460}.Release|Any CPU.Build.0 = Release|Any CPU
		{326A24F9-6259-45DB-835C-18DB80728460}.Release|x64.ActiveCfg = Release|x64
		{326A24F9-6259-45DB-835C-18DB80728460}.Release|x64.Build.0 = Release|x64
		{326A24F9-6259-45DB-835C-18DB80728460}.Release|x86.ActiveCfg = Release|x86
		{326A24F9-6259-45DB-835C-18DB80728460}.Release|x86.Build.0 = Release|x86
		{6DBDE906-F847-4C1A-9C3B-F7AB803247DC}.Debug 1.1|Any CPU.ActiveCfg = Debug|Any CPU
		{6DBDE906-F847-4C1A-9C3B-F7AB803247DC}.Debug 1.1|Any CPU.Build.0 = Debug|Any CPU
		{6DBDE906-F847-4C1A-9C3B-F7AB803247DC}.Debug 1.1|x64.ActiveCfg = Debug|x86
		{6DBDE906-F847-4C1A-9C3B-F7AB803247DC}.Debug 1.1|x86.ActiveCfg = Debug|Any CPU
		{6DBDE906-F847-4C1A-9C3B-F7AB803247DC}.Debug|Any CPU.ActiveCfg = Debug|Any CPU
		{6DBDE906-F847-4C1A-9C3B-F7AB803247DC}.Debug|Any CPU.Build.0 = Debug|Any CPU
		{6DBDE906-F847-4C1A-9C3B-F7AB803247DC}.Debug|x64.ActiveCfg = Debug|x64
		{6DBDE906-F847-4C1A-9C3B-F7AB803247DC}.Debug|x64.Build.0 = Debug|x64
		{6DBDE906-F847-4C1A-9C3B-F7AB803247DC}.Debug|x86.ActiveCfg = Debug|x86
		{6DBDE906-F847-4C1A-9C3B-F7AB803247DC}.Debug|x86.Build.0 = Debug|x86
		{6DBDE906-F847-4C1A-9C3B-F7AB803247DC}.Firebird|Any CPU.ActiveCfg = Release|x86
		{6DBDE906-F847-4C1A-9C3B-F7AB803247DC}.Firebird|x64.ActiveCfg = Release|x86
		{6DBDE906-F847-4C1A-9C3B-F7AB803247DC}.Firebird|x86.ActiveCfg = Release|x86
		{6DBDE906-F847-4C1A-9C3B-F7AB803247DC}.Firebird|x86.Build.0 = Release|x86
		{6DBDE906-F847-4C1A-9C3B-F7AB803247DC}.MonoDebug|Any CPU.ActiveCfg = Debug|Any CPU
		{6DBDE906-F847-4C1A-9C3B-F7AB803247DC}.MonoDebug|Any CPU.Build.0 = Debug|Any CPU
		{6DBDE906-F847-4C1A-9C3B-F7AB803247DC}.MonoDebug|x64.ActiveCfg = Debug|x64
		{6DBDE906-F847-4C1A-9C3B-F7AB803247DC}.MonoDebug|x64.Build.0 = Debug|x64
		{6DBDE906-F847-4C1A-9C3B-F7AB803247DC}.MonoDebug|x86.ActiveCfg = Debug|Any CPU
		{6DBDE906-F847-4C1A-9C3B-F7AB803247DC}.Release 1.1|Any CPU.ActiveCfg = Release|Any CPU
		{6DBDE906-F847-4C1A-9C3B-F7AB803247DC}.Release 1.1|Any CPU.Build.0 = Release|Any CPU
		{6DBDE906-F847-4C1A-9C3B-F7AB803247DC}.Release 1.1|x64.ActiveCfg = Release|x86
		{6DBDE906-F847-4C1A-9C3B-F7AB803247DC}.Release 1.1|x86.ActiveCfg = Release|Any CPU
		{6DBDE906-F847-4C1A-9C3B-F7AB803247DC}.Release_20|Any CPU.ActiveCfg = Release|Any CPU
		{6DBDE906-F847-4C1A-9C3B-F7AB803247DC}.Release_20|Any CPU.Build.0 = Release|Any CPU
		{6DBDE906-F847-4C1A-9C3B-F7AB803247DC}.Release_20|x64.ActiveCfg = Release|x86
		{6DBDE906-F847-4C1A-9C3B-F7AB803247DC}.Release_20|x86.ActiveCfg = Release|Any CPU
		{6DBDE906-F847-4C1A-9C3B-F7AB803247DC}.Release_35|Any CPU.ActiveCfg = Release|Any CPU
		{6DBDE906-F847-4C1A-9C3B-F7AB803247DC}.Release_35|Any CPU.Build.0 = Release|Any CPU
		{6DBDE906-F847-4C1A-9C3B-F7AB803247DC}.Release_35|x64.ActiveCfg = Release|x86
		{6DBDE906-F847-4C1A-9C3B-F7AB803247DC}.Release_35|x86.ActiveCfg = Release|Any CPU
		{6DBDE906-F847-4C1A-9C3B-F7AB803247DC}.Release_Mono_w_Linux|Any CPU.ActiveCfg = Release|Any CPU
		{6DBDE906-F847-4C1A-9C3B-F7AB803247DC}.Release_Mono_w_Linux|Any CPU.Build.0 = Release|Any CPU
		{6DBDE906-F847-4C1A-9C3B-F7AB803247DC}.Release_Mono_w_Linux|x64.ActiveCfg = Release|x86
		{6DBDE906-F847-4C1A-9C3B-F7AB803247DC}.Release_Mono_w_Linux|x86.ActiveCfg = Release|Any CPU
		{6DBDE906-F847-4C1A-9C3B-F7AB803247DC}.Release|Any CPU.ActiveCfg = Release|Any CPU
		{6DBDE906-F847-4C1A-9C3B-F7AB803247DC}.Release|Any CPU.Build.0 = Release|Any CPU
		{6DBDE906-F847-4C1A-9C3B-F7AB803247DC}.Release|x64.ActiveCfg = Release|x64
		{6DBDE906-F847-4C1A-9C3B-F7AB803247DC}.Release|x64.Build.0 = Release|x64
		{6DBDE906-F847-4C1A-9C3B-F7AB803247DC}.Release|x86.ActiveCfg = Release|Any CPU
		{B1D61008-856A-4B0A-96A9-F5F53E059ADA}.Debug 1.1|Any CPU.ActiveCfg = Debug|Any CPU
		{B1D61008-856A-4B0A-96A9-F5F53E059ADA}.Debug 1.1|Any CPU.Build.0 = Debug|Any CPU
		{B1D61008-856A-4B0A-96A9-F5F53E059ADA}.Debug 1.1|x64.ActiveCfg = Debug|x86
		{B1D61008-856A-4B0A-96A9-F5F53E059ADA}.Debug 1.1|x86.ActiveCfg = Debug|Any CPU
		{B1D61008-856A-4B0A-96A9-F5F53E059ADA}.Debug|Any CPU.ActiveCfg = Debug|Any CPU
		{B1D61008-856A-4B0A-96A9-F5F53E059ADA}.Debug|Any CPU.Build.0 = Debug|Any CPU
		{B1D61008-856A-4B0A-96A9-F5F53E059ADA}.Debug|x64.ActiveCfg = Debug|x64
		{B1D61008-856A-4B0A-96A9-F5F53E059ADA}.Debug|x64.Build.0 = Debug|x64
		{B1D61008-856A-4B0A-96A9-F5F53E059ADA}.Debug|x86.ActiveCfg = Debug|x86
		{B1D61008-856A-4B0A-96A9-F5F53E059ADA}.Debug|x86.Build.0 = Debug|x86
		{B1D61008-856A-4B0A-96A9-F5F53E059ADA}.Firebird|Any CPU.ActiveCfg = Release|x86
		{B1D61008-856A-4B0A-96A9-F5F53E059ADA}.Firebird|x64.ActiveCfg = Release|x86
		{B1D61008-856A-4B0A-96A9-F5F53E059ADA}.Firebird|x86.ActiveCfg = Release|x86
		{B1D61008-856A-4B0A-96A9-F5F53E059ADA}.Firebird|x86.Build.0 = Release|x86
		{B1D61008-856A-4B0A-96A9-F5F53E059ADA}.MonoDebug|Any CPU.ActiveCfg = MonoDebug|Any CPU
		{B1D61008-856A-4B0A-96A9-F5F53E059ADA}.MonoDebug|Any CPU.Build.0 = MonoDebug|Any CPU
		{B1D61008-856A-4B0A-96A9-F5F53E059ADA}.MonoDebug|x64.ActiveCfg = Debug|x64
		{B1D61008-856A-4B0A-96A9-F5F53E059ADA}.MonoDebug|x64.Build.0 = Debug|x64
		{B1D61008-856A-4B0A-96A9-F5F53E059ADA}.MonoDebug|x86.ActiveCfg = Debug|Any CPU
		{B1D61008-856A-4B0A-96A9-F5F53E059ADA}.Release 1.1|Any CPU.ActiveCfg = Release|Any CPU
		{B1D61008-856A-4B0A-96A9-F5F53E059ADA}.Release 1.1|Any CPU.Build.0 = Release|Any CPU
		{B1D61008-856A-4B0A-96A9-F5F53E059ADA}.Release 1.1|x64.ActiveCfg = Release|x86
		{B1D61008-856A-4B0A-96A9-F5F53E059ADA}.Release 1.1|x86.ActiveCfg = Release|Any CPU
		{B1D61008-856A-4B0A-96A9-F5F53E059ADA}.Release_20|Any CPU.ActiveCfg = Release|Any CPU
		{B1D61008-856A-4B0A-96A9-F5F53E059ADA}.Release_20|Any CPU.Build.0 = Release|Any CPU
		{B1D61008-856A-4B0A-96A9-F5F53E059ADA}.Release_20|x64.ActiveCfg = Release|x86
		{B1D61008-856A-4B0A-96A9-F5F53E059ADA}.Release_20|x86.ActiveCfg = Release|Any CPU
		{B1D61008-856A-4B0A-96A9-F5F53E059ADA}.Release_35|Any CPU.ActiveCfg = Release|Any CPU
		{B1D61008-856A-4B0A-96A9-F5F53E059ADA}.Release_35|Any CPU.Build.0 = Release|Any CPU
		{B1D61008-856A-4B0A-96A9-F5F53E059ADA}.Release_35|x64.ActiveCfg = Release|x86
		{B1D61008-856A-4B0A-96A9-F5F53E059ADA}.Release_35|x86.ActiveCfg = Release|Any CPU
		{B1D61008-856A-4B0A-96A9-F5F53E059ADA}.Release_Mono_w_Linux|Any CPU.ActiveCfg = Release|Any CPU
		{B1D61008-856A-4B0A-96A9-F5F53E059ADA}.Release_Mono_w_Linux|Any CPU.Build.0 = Release|Any CPU
		{B1D61008-856A-4B0A-96A9-F5F53E059ADA}.Release_Mono_w_Linux|x64.ActiveCfg = Release|x86
		{B1D61008-856A-4B0A-96A9-F5F53E059ADA}.Release_Mono_w_Linux|x86.ActiveCfg = Release|Any CPU
		{B1D61008-856A-4B0A-96A9-F5F53E059ADA}.Release|Any CPU.ActiveCfg = Release|Any CPU
		{B1D61008-856A-4B0A-96A9-F5F53E059ADA}.Release|Any CPU.Build.0 = Release|Any CPU
		{B1D61008-856A-4B0A-96A9-F5F53E059ADA}.Release|x64.ActiveCfg = Release|x64
		{B1D61008-856A-4B0A-96A9-F5F53E059ADA}.Release|x64.Build.0 = Release|x64
		{B1D61008-856A-4B0A-96A9-F5F53E059ADA}.Release|x86.ActiveCfg = Release|Any CPU
		{BC83096A-1A88-423D-A5CD-EC341290BDDD}.Debug 1.1|Any CPU.ActiveCfg = Debug|x86
		{BC83096A-1A88-423D-A5CD-EC341290BDDD}.Debug 1.1|x64.ActiveCfg = Debug|x64
		{BC83096A-1A88-423D-A5CD-EC341290BDDD}.Debug 1.1|x64.Build.0 = Debug|x64
		{BC83096A-1A88-423D-A5CD-EC341290BDDD}.Debug 1.1|x86.ActiveCfg = Debug|x86
		{BC83096A-1A88-423D-A5CD-EC341290BDDD}.Debug 1.1|x86.Build.0 = Debug|x86
		{BC83096A-1A88-423D-A5CD-EC341290BDDD}.Debug|Any CPU.ActiveCfg = Debug|Any CPU
		{BC83096A-1A88-423D-A5CD-EC341290BDDD}.Debug|Any CPU.Build.0 = Debug|Any CPU
		{BC83096A-1A88-423D-A5CD-EC341290BDDD}.Debug|x64.ActiveCfg = Debug|x64
		{BC83096A-1A88-423D-A5CD-EC341290BDDD}.Debug|x64.Build.0 = Debug|x64
		{BC83096A-1A88-423D-A5CD-EC341290BDDD}.Debug|x86.ActiveCfg = Debug|x86
		{BC83096A-1A88-423D-A5CD-EC341290BDDD}.Debug|x86.Build.0 = Debug|x86
		{BC83096A-1A88-423D-A5CD-EC341290BDDD}.Firebird|Any CPU.ActiveCfg = MonoDebug|x64
		{BC83096A-1A88-423D-A5CD-EC341290BDDD}.Firebird|x64.ActiveCfg = MonoDebug|x64
		{BC83096A-1A88-423D-A5CD-EC341290BDDD}.Firebird|x64.Build.0 = MonoDebug|x64
		{BC83096A-1A88-423D-A5CD-EC341290BDDD}.Firebird|x86.ActiveCfg = MonoDebug|x64
		{BC83096A-1A88-423D-A5CD-EC341290BDDD}.MonoDebug|Any CPU.ActiveCfg = MonoDebug|Any CPU
		{BC83096A-1A88-423D-A5CD-EC341290BDDD}.MonoDebug|Any CPU.Build.0 = MonoDebug|Any CPU
		{BC83096A-1A88-423D-A5CD-EC341290BDDD}.MonoDebug|x64.ActiveCfg = MonoDebug|x64
		{BC83096A-1A88-423D-A5CD-EC341290BDDD}.MonoDebug|x64.Build.0 = MonoDebug|x64
		{BC83096A-1A88-423D-A5CD-EC341290BDDD}.MonoDebug|x86.ActiveCfg = MonoDebug|x86
		{BC83096A-1A88-423D-A5CD-EC341290BDDD}.MonoDebug|x86.Build.0 = MonoDebug|x86
		{BC83096A-1A88-423D-A5CD-EC341290BDDD}.Release 1.1|Any CPU.ActiveCfg = Release|x86
		{BC83096A-1A88-423D-A5CD-EC341290BDDD}.Release 1.1|x64.ActiveCfg = Release|x64
		{BC83096A-1A88-423D-A5CD-EC341290BDDD}.Release 1.1|x64.Build.0 = Release|x64
		{BC83096A-1A88-423D-A5CD-EC341290BDDD}.Release 1.1|x86.ActiveCfg = Release|x86
		{BC83096A-1A88-423D-A5CD-EC341290BDDD}.Release 1.1|x86.Build.0 = Release|x86
		{BC83096A-1A88-423D-A5CD-EC341290BDDD}.Release_20|Any CPU.ActiveCfg = Release|x86
		{BC83096A-1A88-423D-A5CD-EC341290BDDD}.Release_20|x64.ActiveCfg = Release|x64
		{BC83096A-1A88-423D-A5CD-EC341290BDDD}.Release_20|x64.Build.0 = Release|x64
		{BC83096A-1A88-423D-A5CD-EC341290BDDD}.Release_20|x86.ActiveCfg = Release|x86
		{BC83096A-1A88-423D-A5CD-EC341290BDDD}.Release_20|x86.Build.0 = Release|x86
		{BC83096A-1A88-423D-A5CD-EC341290BDDD}.Release_35|Any CPU.ActiveCfg = Release|x86
		{BC83096A-1A88-423D-A5CD-EC341290BDDD}.Release_35|x64.ActiveCfg = Release|x64
		{BC83096A-1A88-423D-A5CD-EC341290BDDD}.Release_35|x64.Build.0 = Release|x64
		{BC83096A-1A88-423D-A5CD-EC341290BDDD}.Release_35|x86.ActiveCfg = Release|x86
		{BC83096A-1A88-423D-A5CD-EC341290BDDD}.Release_35|x86.Build.0 = Release|x86
		{BC83096A-1A88-423D-A5CD-EC341290BDDD}.Release_Mono_w_Linux|Any CPU.ActiveCfg = Release|x86
		{BC83096A-1A88-423D-A5CD-EC341290BDDD}.Release_Mono_w_Linux|x64.ActiveCfg = Release|x64
		{BC83096A-1A88-423D-A5CD-EC341290BDDD}.Release_Mono_w_Linux|x64.Build.0 = Release|x64
		{BC83096A-1A88-423D-A5CD-EC341290BDDD}.Release_Mono_w_Linux|x86.ActiveCfg = Release|x86
		{BC83096A-1A88-423D-A5CD-EC341290BDDD}.Release_Mono_w_Linux|x86.Build.0 = Release|x86
		{BC83096A-1A88-423D-A5CD-EC341290BDDD}.Release|Any CPU.ActiveCfg = Release|Any CPU
		{BC83096A-1A88-423D-A5CD-EC341290BDDD}.Release|Any CPU.Build.0 = Release|Any CPU
		{BC83096A-1A88-423D-A5CD-EC341290BDDD}.Release|x64.ActiveCfg = Release|x64
		{BC83096A-1A88-423D-A5CD-EC341290BDDD}.Release|x64.Build.0 = Release|x64
		{BC83096A-1A88-423D-A5CD-EC341290BDDD}.Release|x86.ActiveCfg = Release|x86
		{BC83096A-1A88-423D-A5CD-EC341290BDDD}.Release|x86.Build.0 = Release|x86
		{D30C3674-7E08-431F-AEDC-B0FAF2D82F97}.Debug 1.1|Any CPU.ActiveCfg = Debug|x86
		{D30C3674-7E08-431F-AEDC-B0FAF2D82F97}.Debug 1.1|x64.ActiveCfg = Debug|x64
		{D30C3674-7E08-431F-AEDC-B0FAF2D82F97}.Debug 1.1|x64.Build.0 = Debug|x64
		{D30C3674-7E08-431F-AEDC-B0FAF2D82F97}.Debug 1.1|x86.ActiveCfg = Debug|x86
		{D30C3674-7E08-431F-AEDC-B0FAF2D82F97}.Debug 1.1|x86.Build.0 = Debug|x86
		{D30C3674-7E08-431F-AEDC-B0FAF2D82F97}.Debug|Any CPU.ActiveCfg = Debug|Any CPU
		{D30C3674-7E08-431F-AEDC-B0FAF2D82F97}.Debug|Any CPU.Build.0 = Debug|Any CPU
		{D30C3674-7E08-431F-AEDC-B0FAF2D82F97}.Debug|x64.ActiveCfg = Debug|x64
		{D30C3674-7E08-431F-AEDC-B0FAF2D82F97}.Debug|x64.Build.0 = Debug|x64
		{D30C3674-7E08-431F-AEDC-B0FAF2D82F97}.Debug|x86.ActiveCfg = Debug|x86
		{D30C3674-7E08-431F-AEDC-B0FAF2D82F97}.Debug|x86.Build.0 = Debug|x86
		{D30C3674-7E08-431F-AEDC-B0FAF2D82F97}.Firebird|Any CPU.ActiveCfg = MonoDebug|x64
		{D30C3674-7E08-431F-AEDC-B0FAF2D82F97}.Firebird|x64.ActiveCfg = MonoDebug|x64
		{D30C3674-7E08-431F-AEDC-B0FAF2D82F97}.Firebird|x64.Build.0 = MonoDebug|x64
		{D30C3674-7E08-431F-AEDC-B0FAF2D82F97}.Firebird|x86.ActiveCfg = MonoDebug|x64
		{D30C3674-7E08-431F-AEDC-B0FAF2D82F97}.MonoDebug|Any CPU.ActiveCfg = MonoDebug|Any CPU
		{D30C3674-7E08-431F-AEDC-B0FAF2D82F97}.MonoDebug|Any CPU.Build.0 = MonoDebug|Any CPU
		{D30C3674-7E08-431F-AEDC-B0FAF2D82F97}.MonoDebug|x64.ActiveCfg = MonoDebug|x64
		{D30C3674-7E08-431F-AEDC-B0FAF2D82F97}.MonoDebug|x64.Build.0 = MonoDebug|x64
		{D30C3674-7E08-431F-AEDC-B0FAF2D82F97}.MonoDebug|x86.ActiveCfg = MonoDebug|x86
		{D30C3674-7E08-431F-AEDC-B0FAF2D82F97}.MonoDebug|x86.Build.0 = MonoDebug|x86
		{D30C3674-7E08-431F-AEDC-B0FAF2D82F97}.Release 1.1|Any CPU.ActiveCfg = Release|x86
		{D30C3674-7E08-431F-AEDC-B0FAF2D82F97}.Release 1.1|x64.ActiveCfg = Release|x64
		{D30C3674-7E08-431F-AEDC-B0FAF2D82F97}.Release 1.1|x64.Build.0 = Release|x64
		{D30C3674-7E08-431F-AEDC-B0FAF2D82F97}.Release 1.1|x86.ActiveCfg = Release|x86
		{D30C3674-7E08-431F-AEDC-B0FAF2D82F97}.Release 1.1|x86.Build.0 = Release|x86
		{D30C3674-7E08-431F-AEDC-B0FAF2D82F97}.Release_20|Any CPU.ActiveCfg = Release|x86
		{D30C3674-7E08-431F-AEDC-B0FAF2D82F97}.Release_20|x64.ActiveCfg = Release|x64
		{D30C3674-7E08-431F-AEDC-B0FAF2D82F97}.Release_20|x64.Build.0 = Release|x64
		{D30C3674-7E08-431F-AEDC-B0FAF2D82F97}.Release_20|x86.ActiveCfg = Release|x86
		{D30C3674-7E08-431F-AEDC-B0FAF2D82F97}.Release_20|x86.Build.0 = Release|x86
		{D30C3674-7E08-431F-AEDC-B0FAF2D82F97}.Release_35|Any CPU.ActiveCfg = Release|x86
		{D30C3674-7E08-431F-AEDC-B0FAF2D82F97}.Release_35|x64.ActiveCfg = Release|x64
		{D30C3674-7E08-431F-AEDC-B0FAF2D82F97}.Release_35|x64.Build.0 = Release|x64
		{D30C3674-7E08-431F-AEDC-B0FAF2D82F97}.Release_35|x86.ActiveCfg = Release|x86
		{D30C3674-7E08-431F-AEDC-B0FAF2D82F97}.Release_35|x86.Build.0 = Release|x86
		{D30C3674-7E08-431F-AEDC-B0FAF2D82F97}.Release_Mono_w_Linux|Any CPU.ActiveCfg = Release|x86
		{D30C3674-7E08-431F-AEDC-B0FAF2D82F97}.Release_Mono_w_Linux|x64.ActiveCfg = Release|x64
		{D30C3674-7E08-431F-AEDC-B0FAF2D82F97}.Release_Mono_w_Linux|x64.Build.0 = Release|x64
		{D30C3674-7E08-431F-AEDC-B0FAF2D82F97}.Release_Mono_w_Linux|x86.ActiveCfg = Release|x86
		{D30C3674-7E08-431F-AEDC-B0FAF2D82F97}.Release_Mono_w_Linux|x86.Build.0 = Release|x86
		{D30C3674-7E08-431F-AEDC-B0FAF2D82F97}.Release|Any CPU.ActiveCfg = Release|Any CPU
		{D30C3674-7E08-431F-AEDC-B0FAF2D82F97}.Release|Any CPU.Build.0 = Release|Any CPU
		{D30C3674-7E08-431F-AEDC-B0FAF2D82F97}.Release|x64.ActiveCfg = Release|x64
		{D30C3674-7E08-431F-AEDC-B0FAF2D82F97}.Release|x64.Build.0 = Release|x64
		{D30C3674-7E08-431F-AEDC-B0FAF2D82F97}.Release|x86.ActiveCfg = Release|x86
		{D30C3674-7E08-431F-AEDC-B0FAF2D82F97}.Release|x86.Build.0 = Release|x86
		{E0CC2126-5250-41FD-AF84-9F9E7DF2B052}.Debug 1.1|Any CPU.ActiveCfg = Debug|x86
		{E0CC2126-5250-41FD-AF84-9F9E7DF2B052}.Debug 1.1|x64.ActiveCfg = Debug|x64
		{E0CC2126-5250-41FD-AF84-9F9E7DF2B052}.Debug 1.1|x64.Build.0 = Debug|x64
		{E0CC2126-5250-41FD-AF84-9F9E7DF2B052}.Debug 1.1|x86.ActiveCfg = Debug|x86
		{E0CC2126-5250-41FD-AF84-9F9E7DF2B052}.Debug 1.1|x86.Build.0 = Debug|x86
		{E0CC2126-5250-41FD-AF84-9F9E7DF2B052}.Debug|Any CPU.ActiveCfg = Debug|Any CPU
		{E0CC2126-5250-41FD-AF84-9F9E7DF2B052}.Debug|Any CPU.Build.0 = Debug|Any CPU
		{E0CC2126-5250-41FD-AF84-9F9E7DF2B052}.Debug|x64.ActiveCfg = Debug|x64
		{E0CC2126-5250-41FD-AF84-9F9E7DF2B052}.Debug|x64.Build.0 = Debug|x64
		{E0CC2126-5250-41FD-AF84-9F9E7DF2B052}.Debug|x86.ActiveCfg = Debug|x86
		{E0CC2126-5250-41FD-AF84-9F9E7DF2B052}.Debug|x86.Build.0 = Debug|x86
		{E0CC2126-5250-41FD-AF84-9F9E7DF2B052}.Firebird|Any CPU.ActiveCfg = MonoDebug|x64
		{E0CC2126-5250-41FD-AF84-9F9E7DF2B052}.Firebird|x64.ActiveCfg = MonoDebug|x64
		{E0CC2126-5250-41FD-AF84-9F9E7DF2B052}.Firebird|x64.Build.0 = MonoDebug|x64
		{E0CC2126-5250-41FD-AF84-9F9E7DF2B052}.Firebird|x86.ActiveCfg = MonoDebug|x64
		{E0CC2126-5250-41FD-AF84-9F9E7DF2B052}.MonoDebug|Any CPU.ActiveCfg = MonoDebug|Any CPU
		{E0CC2126-5250-41FD-AF84-9F9E7DF2B052}.MonoDebug|Any CPU.Build.0 = MonoDebug|Any CPU
		{E0CC2126-5250-41FD-AF84-9F9E7DF2B052}.MonoDebug|x64.ActiveCfg = MonoDebug|x64
		{E0CC2126-5250-41FD-AF84-9F9E7DF2B052}.MonoDebug|x64.Build.0 = MonoDebug|x64
		{E0CC2126-5250-41FD-AF84-9F9E7DF2B052}.MonoDebug|x86.ActiveCfg = MonoDebug|x86
		{E0CC2126-5250-41FD-AF84-9F9E7DF2B052}.MonoDebug|x86.Build.0 = MonoDebug|x86
		{E0CC2126-5250-41FD-AF84-9F9E7DF2B052}.Release 1.1|Any CPU.ActiveCfg = Release|x86
		{E0CC2126-5250-41FD-AF84-9F9E7DF2B052}.Release 1.1|x64.ActiveCfg = Release|x64
		{E0CC2126-5250-41FD-AF84-9F9E7DF2B052}.Release 1.1|x64.Build.0 = Release|x64
		{E0CC2126-5250-41FD-AF84-9F9E7DF2B052}.Release 1.1|x86.ActiveCfg = Release|x86
		{E0CC2126-5250-41FD-AF84-9F9E7DF2B052}.Release 1.1|x86.Build.0 = Release|x86
		{E0CC2126-5250-41FD-AF84-9F9E7DF2B052}.Release_20|Any CPU.ActiveCfg = Release|x86
		{E0CC2126-5250-41FD-AF84-9F9E7DF2B052}.Release_20|x64.ActiveCfg = Release|x64
		{E0CC2126-5250-41FD-AF84-9F9E7DF2B052}.Release_20|x64.Build.0 = Release|x64
		{E0CC2126-5250-41FD-AF84-9F9E7DF2B052}.Release_20|x86.ActiveCfg = Release|x86
		{E0CC2126-5250-41FD-AF84-9F9E7DF2B052}.Release_20|x86.Build.0 = Release|x86
		{E0CC2126-5250-41FD-AF84-9F9E7DF2B052}.Release_35|Any CPU.ActiveCfg = Release|x86
		{E0CC2126-5250-41FD-AF84-9F9E7DF2B052}.Release_35|x64.ActiveCfg = Release|x64
		{E0CC2126-5250-41FD-AF84-9F9E7DF2B052}.Release_35|x64.Build.0 = Release|x64
		{E0CC2126-5250-41FD-AF84-9F9E7DF2B052}.Release_35|x86.ActiveCfg = Release|x86
		{E0CC2126-5250-41FD-AF84-9F9E7DF2B052}.Release_35|x86.Build.0 = Release|x86
		{E0CC2126-5250-41FD-AF84-9F9E7DF2B052}.Release_Mono_w_Linux|Any CPU.ActiveCfg = Release|x86
		{E0CC2126-5250-41FD-AF84-9F9E7DF2B052}.Release_Mono_w_Linux|x64.ActiveCfg = Release|x64
		{E0CC2126-5250-41FD-AF84-9F9E7DF2B052}.Release_Mono_w_Linux|x64.Build.0 = Release|x64
		{E0CC2126-5250-41FD-AF84-9F9E7DF2B052}.Release_Mono_w_Linux|x86.ActiveCfg = Release|x86
		{E0CC2126-5250-41FD-AF84-9F9E7DF2B052}.Release_Mono_w_Linux|x86.Build.0 = Release|x86
		{E0CC2126-5250-41FD-AF84-9F9E7DF2B052}.Release|Any CPU.ActiveCfg = Release|Any CPU
		{E0CC2126-5250-41FD-AF84-9F9E7DF2B052}.Release|Any CPU.Build.0 = Release|Any CPU
		{E0CC2126-5250-41FD-AF84-9F9E7DF2B052}.Release|x64.ActiveCfg = Release|x64
		{E0CC2126-5250-41FD-AF84-9F9E7DF2B052}.Release|x64.Build.0 = Release|x64
		{E0CC2126-5250-41FD-AF84-9F9E7DF2B052}.Release|x86.ActiveCfg = Release|x86
		{E0CC2126-5250-41FD-AF84-9F9E7DF2B052}.Release|x86.Build.0 = Release|x86
	EndGlobalSection
	GlobalSection(MonoDevelopProperties) = preSolution
		StartupItem = ..\printreport2\printreport.csproj
	EndGlobalSection
	GlobalSection(SolutionProperties) = preSolution
		HideSolutionNode = FALSE
	EndGlobalSection
EndGlobal
