Microsoft Visual Studio Solution File, Format Version 8.00
Project("{FAE04EC0-301F-11D3-BF4B-00C04F79EFBC}") = "printreportpdf", "printreportpdf.csproj", "{B1D61008-856A-4B0A-96A9-F5F53E059ADA}"
	ProjectSection(ProjectDependencies) = postProject
	EndProjectSection
EndProject
Global
	GlobalSection(SolutionConfiguration) = preSolution
		Debug = Debug
		Firebird = Firebird
		Release = Release
	EndGlobalSection
	GlobalSection(ProjectConfiguration) = postSolution
		{B1D61008-856A-4B0A-96A9-F5F53E059ADA}.Debug.ActiveCfg = Debug|.NET
		{B1D61008-856A-4B0A-96A9-F5F53E059ADA}.Debug.Build.0 = Debug|.NET
		{B1D61008-856A-4B0A-96A9-F5F53E059ADA}.Firebird.ActiveCfg = Firebird|.NET
		{B1D61008-856A-4B0A-96A9-F5F53E059ADA}.Firebird.Build.0 = Firebird|.NET
		{B1D61008-856A-4B0A-96A9-F5F53E059ADA}.Release.ActiveCfg = Release|.NET
		{B1D61008-856A-4B0A-96A9-F5F53E059ADA}.Release.Build.0 = Release|.NET
	EndGlobalSection
	GlobalSection(ExtensibilityGlobals) = postSolution
	EndGlobalSection
	GlobalSection(ExtensibilityAddIns) = postSolution
	EndGlobalSection
EndGlobal
